// !$*UTF8*$!
{
	archiveVersion = 1;
	classes = {
	};
	objectVersion = 50;
	objects = {

/* Begin PBXBuildFile section */
		C122EB382452CA8200431F70 /* CoursesInPrograms.cpp in Sources */ = {isa = PBXBuildFile; fileRef = C122EB372452CA8200431F70 /* CoursesInPrograms.cpp */; };
		C122EB392452CA8200431F70 /* EnrolleesInCourses.cpp in Sources */ = {isa = PBXBuildFile; fileRef = C122EB2F2452CA8100431F70 /* EnrolleesInCourses.cpp */; };
		C122EB3A2452CA8200431F70 /* Students.cpp in Sources */ = {isa = PBXBuildFile; fileRef = C122EB362452CA8200431F70 /* Students.cpp */; };
		C122EB3B2452CA8200431F70 /* Courses.cpp in Sources */ = {isa = PBXBuildFile; fileRef = C122EB332452CA8200431F70 /* Courses.cpp */; };
		C122EB3C2452CA8200431F70 /* Programs.cpp in Sources */ = {isa = PBXBuildFile; fileRef = C122EB322452CA8200431F70 /* Programs.cpp */; };
		C15518FA248AB1A8000CA8D0 /* SusiConsoleRemote.cpp in Sources */ = {isa = PBXBuildFile; fileRef = C15518F8248AB1A8000CA8D0 /* SusiConsoleRemote.cpp */; };
		C1551917248C89EB000CA8D0 /* SusiDatabaseQuerys.cpp in Sources */ = {isa = PBXBuildFile; fileRef = C1551915248C89EB000CA8D0 /* SusiDatabaseQuerys.cpp */; };
		C1551A9C248FF7D9000CA8D0 /* string.cpp in Sources */ = {isa = PBXBuildFile; fileRef = C1551A9B248FF7D8000CA8D0 /* string.cpp */; };
		C1E86CBB244F9AEE0059F47B /* main.cpp in Sources */ = {isa = PBXBuildFile; fileRef = C1E86CBA244F9AEE0059F47B /* main.cpp */; };
/* End PBXBuildFile section */

/* Begin PBXCopyFilesBuildPhase section */
		C1E86CB5244F9AEE0059F47B /* CopyFiles */ = {
			isa = PBXCopyFilesBuildPhase;
			buildActionMask = 2147483647;
			dstPath = /usr/share/man/man1/;
			dstSubfolderSpec = 0;
			files = (
			);
			runOnlyForDeploymentPostprocessing = 1;
		};
/* End PBXCopyFilesBuildPhase section */

/* Begin PBXFileReference section */
		C122EB1B24518C2C00431F70 /* command.h */ = {isa = PBXFileReference; lastKnownFileType = sourcecode.c.h; path = command.h; sourceTree = "<group>"; };
		C122EB2E2452CA8100431F70 /* Students.hpp */ = {isa = PBXFileReference; lastKnownFileType = sourcecode.cpp.h; path = Students.hpp; sourceTree = "<group>"; };
		C122EB2F2452CA8100431F70 /* EnrolleesInCourses.cpp */ = {isa = PBXFileReference; lastKnownFileType = sourcecode.cpp.cpp; path = EnrolleesInCourses.cpp; sourceTree = "<group>"; };
		C122EB302452CA8100431F70 /* CoursesInPrograms.hpp */ = {isa = PBXFileReference; lastKnownFileType = sourcecode.cpp.h; path = CoursesInPrograms.hpp; sourceTree = "<group>"; };
		C122EB312452CA8100431F70 /* Courses.hpp */ = {isa = PBXFileReference; lastKnownFileType = sourcecode.cpp.h; path = Courses.hpp; sourceTree = "<group>"; };
		C122EB322452CA8200431F70 /* Programs.cpp */ = {isa = PBXFileReference; lastKnownFileType = sourcecode.cpp.cpp; path = Programs.cpp; sourceTree = "<group>"; };
		C122EB332452CA8200431F70 /* Courses.cpp */ = {isa = PBXFileReference; lastKnownFileType = sourcecode.cpp.cpp; path = Courses.cpp; sourceTree = "<group>"; };
		C122EB342452CA8200431F70 /* Programs.hpp */ = {isa = PBXFileReference; lastKnownFileType = sourcecode.cpp.h; path = Programs.hpp; sourceTree = "<group>"; };
		C122EB352452CA8200431F70 /* EnrolleesInCourses.hpp */ = {isa = PBXFileReference; lastKnownFileType = sourcecode.cpp.h; path = EnrolleesInCourses.hpp; sourceTree = "<group>"; };
		C122EB362452CA8200431F70 /* Students.cpp */ = {isa = PBXFileReference; lastKnownFileType = sourcecode.cpp.cpp; path = Students.cpp; sourceTree = "<group>"; };
		C122EB372452CA8200431F70 /* CoursesInPrograms.cpp */ = {isa = PBXFileReference; lastKnownFileType = sourcecode.cpp.cpp; path = CoursesInPrograms.cpp; sourceTree = "<group>"; };
		C122EB3D2452CA9100431F70 /* Student.h */ = {isa = PBXFileReference; lastKnownFileType = sourcecode.c.h; path = Student.h; sourceTree = "<group>"; };
		C122EB412452CD1E00431F70 /* Course.h */ = {isa = PBXFileReference; lastKnownFileType = sourcecode.c.h; path = Course.h; sourceTree = "<group>"; };
		C15069E6244F9E4C00944772 /* README.md */ = {isa = PBXFileReference; lastKnownFileType = net.daringfireball.markdown; path = README.md; sourceTree = "<group>"; };
		C15518EA24891FAB000CA8D0 /* string.hpp */ = {isa = PBXFileReference; fileEncoding = 4; lastKnownFileType = sourcecode.cpp.h; path = string.hpp; sourceTree = "<group>"; };
		C15518EC24891FAB000CA8D0 /* vector.h */ = {isa = PBXFileReference; fileEncoding = 4; lastKnownFileType = sourcecode.c.h; path = vector.h; sourceTree = "<group>"; };
		C15518F224896809000CA8D0 /* StudentProtocol.h */ = {isa = PBXFileReference; lastKnownFileType = sourcecode.c.h; path = StudentProtocol.h; sourceTree = "<group>"; };
		C15518F3248968EE000CA8D0 /* CourseReport.h */ = {isa = PBXFileReference; lastKnownFileType = sourcecode.c.h; path = CourseReport.h; sourceTree = "<group>"; };
		C15518F8248AB1A8000CA8D0 /* SusiConsoleRemote.cpp */ = {isa = PBXFileReference; lastKnownFileType = sourcecode.cpp.cpp; path = SusiConsoleRemote.cpp; sourceTree = "<group>"; };
		C15518F9248AB1A8000CA8D0 /* SusiConsoleRemote.hpp */ = {isa = PBXFileReference; lastKnownFileType = sourcecode.cpp.h; path = SusiConsoleRemote.hpp; sourceTree = "<group>"; };
		C1551913248C5CE5000CA8D0 /* Table.h */ = {isa = PBXFileReference; lastKnownFileType = sourcecode.c.h; path = Table.h; sourceTree = "<group>"; };
		C1551914248C89EB000CA8D0 /* SusiDatabaseQuerys.hpp */ = {isa = PBXFileReference; fileEncoding = 4; lastKnownFileType = sourcecode.cpp.h; path = SusiDatabaseQuerys.hpp; sourceTree = "<group>"; };
		C1551915248C89EB000CA8D0 /* SusiDatabaseQuerys.cpp */ = {isa = PBXFileReference; fileEncoding = 4; lastKnownFileType = sourcecode.cpp.cpp; path = SusiDatabaseQuerys.cpp; sourceTree = "<group>"; };
		C1551916248C89EB000CA8D0 /* SusiDatabase.h */ = {isa = PBXFileReference; fileEncoding = 4; lastKnownFileType = sourcecode.c.h; path = SusiDatabase.h; sourceTree = "<group>"; };
		C1551A9B248FF7D8000CA8D0 /* string.cpp */ = {isa = PBXFileReference; fileEncoding = 4; lastKnownFileType = sourcecode.cpp.cpp; path = string.cpp; sourceTree = "<group>"; };
		C1E86CB7244F9AEE0059F47B /* susi */ = {isa = PBXFileReference; explicitFileType = "compiled.mach-o.executable"; includeInIndex = 0; path = susi; sourceTree = BUILT_PRODUCTS_DIR; };
		C1E86CBA244F9AEE0059F47B /* main.cpp */ = {isa = PBXFileReference; lastKnownFileType = sourcecode.cpp.cpp; path = main.cpp; sourceTree = "<group>"; };
/* End PBXFileReference section */

/* Begin PBXFrameworksBuildPhase section */
		C1E86CB4244F9AEE0059F47B /* Frameworks */ = {
			isa = PBXFrameworksBuildPhase;
			buildActionMask = 2147483647;
			files = (
			);
			runOnlyForDeploymentPostprocessing = 0;
		};
/* End PBXFrameworksBuildPhase section */

/* Begin PBXGroup section */
		C122EB232452B6C700431F70 /* Common */ = {
			isa = PBXGroup;
			children = (
				C1551A9B248FF7D8000CA8D0 /* string.cpp */,
				C15518EA24891FAB000CA8D0 /* string.hpp */,
				C15518EC24891FAB000CA8D0 /* vector.h */,
			);
			path = Common;
			sourceTree = "<group>";
		};
		C122EB3F2452CB2C00431F70 /* Rows */ = {
			isa = PBXGroup;
			children = (
				C122EB3D2452CA9100431F70 /* Student.h */,
				C122EB412452CD1E00431F70 /* Course.h */,
				C15518F224896809000CA8D0 /* StudentProtocol.h */,
				C15518F3248968EE000CA8D0 /* CourseReport.h */,
			);
			path = Rows;
			sourceTree = "<group>";
		};
		C122EB402452CB5800431F70 /* Tables */ = {
			isa = PBXGroup;
			children = (
				C1551913248C5CE5000CA8D0 /* Table.h */,
				C122EB322452CA8200431F70 /* Programs.cpp */,
				C122EB342452CA8200431F70 /* Programs.hpp */,
				C122EB362452CA8200431F70 /* Students.cpp */,
				C122EB2E2452CA8100431F70 /* Students.hpp */,
				C122EB332452CA8200431F70 /* Courses.cpp */,
				C122EB312452CA8100431F70 /* Courses.hpp */,
				C122EB2F2452CA8100431F70 /* EnrolleesInCourses.cpp */,
				C122EB352452CA8200431F70 /* EnrolleesInCourses.hpp */,
				C122EB372452CA8200431F70 /* CoursesInPrograms.cpp */,
				C122EB302452CA8100431F70 /* CoursesInPrograms.hpp */,
			);
			path = Tables;
			sourceTree = "<group>";
		};
		C1E86CAE244F9AEE0059F47B = {
			isa = PBXGroup;
			children = (
				C15069E6244F9E4C00944772 /* README.md */,
				C1E86CB9244F9AEE0059F47B /* susi */,
				C1E86CB8244F9AEE0059F47B /* Products */,
			);
			sourceTree = "<group>";
		};
		C1E86CB8244F9AEE0059F47B /* Products */ = {
			isa = PBXGroup;
			children = (
				C1E86CB7244F9AEE0059F47B /* susi */,
			);
			name = Products;
			sourceTree = "<group>";
		};
		C1E86CB9244F9AEE0059F47B /* susi */ = {
			isa = PBXGroup;
			children = (
				C1E86CBA244F9AEE0059F47B /* main.cpp */,
				C15518F8248AB1A8000CA8D0 /* SusiConsoleRemote.cpp */,
				C15518F9248AB1A8000CA8D0 /* SusiConsoleRemote.hpp */,
				C122EB1B24518C2C00431F70 /* command.h */,
				C1551915248C89EB000CA8D0 /* SusiDatabaseQuerys.cpp */,
				C1551914248C89EB000CA8D0 /* SusiDatabaseQuerys.hpp */,
				C1551916248C89EB000CA8D0 /* SusiDatabase.h */,
				C122EB402452CB5800431F70 /* Tables */,
				C122EB3F2452CB2C00431F70 /* Rows */,
				C122EB232452B6C700431F70 /* Common */,
			);
			path = susi;
			sourceTree = "<group>";
		};
/* End PBXGroup section */

/* Begin PBXNativeTarget section */
		C1E86CB6244F9AEE0059F47B /* susi */ = {
			isa = PBXNativeTarget;
			buildConfigurationList = C1E86CBE244F9AEE0059F47B /* Build configuration list for PBXNativeTarget "susi" */;
			buildPhases = (
				C1E86CB3244F9AEE0059F47B /* Sources */,
				C1E86CB4244F9AEE0059F47B /* Frameworks */,
				C1E86CB5244F9AEE0059F47B /* CopyFiles */,
			);
			buildRules = (
			);
			dependencies = (
			);
			name = susi;
			productName = susi;
			productReference = C1E86CB7244F9AEE0059F47B /* susi */;
			productType = "com.apple.product-type.tool";
		};
/* End PBXNativeTarget section */

/* Begin PBXProject section */
		C1E86CAF244F9AEE0059F47B /* Project object */ = {
			isa = PBXProject;
			attributes = {
				LastUpgradeCheck = 1150;
				ORGANIZATIONNAME = "Marty Kostov";
				TargetAttributes = {
					C1E86CB6244F9AEE0059F47B = {
						CreatedOnToolsVersion = 11.4;
					};
				};
			};
			buildConfigurationList = C1E86CB2244F9AEE0059F47B /* Build configuration list for PBXProject "susi" */;
			compatibilityVersion = "Xcode 9.3";
			developmentRegion = en;
			hasScannedForEncodings = 0;
			knownRegions = (
				en,
				Base,
			);
			mainGroup = C1E86CAE244F9AEE0059F47B;
			productRefGroup = C1E86CB8244F9AEE0059F47B /* Products */;
			projectDirPath = "";
			projectRoot = "";
			targets = (
				C1E86CB6244F9AEE0059F47B /* susi */,
			);
		};
/* End PBXProject section */

/* Begin PBXSourcesBuildPhase section */
		C1E86CB3244F9AEE0059F47B /* Sources */ = {
			isa = PBXSourcesBuildPhase;
			buildActionMask = 2147483647;
			files = (
				C1551A9C248FF7D9000CA8D0 /* string.cpp in Sources */,
				C122EB3B2452CA8200431F70 /* Courses.cpp in Sources */,
				C122EB382452CA8200431F70 /* CoursesInPrograms.cpp in Sources */,
				C1551917248C89EB000CA8D0 /* SusiDatabaseQuerys.cpp in Sources */,
				C15518FA248AB1A8000CA8D0 /* SusiConsoleRemote.cpp in Sources */,
				C122EB3C2452CA8200431F70 /* Programs.cpp in Sources */,
				C122EB3A2452CA8200431F70 /* Students.cpp in Sources */,
				C1E86CBB244F9AEE0059F47B /* main.cpp in Sources */,
				C122EB392452CA8200431F70 /* EnrolleesInCourses.cpp in Sources */,
			);
			runOnlyForDeploymentPostprocessing = 0;
		};
/* End PBXSourcesBuildPhase section */

/* Begin XCBuildConfiguration section */
		C1E86CBC244F9AEE0059F47B /* Debug */ = {
			isa = XCBuildConfiguration;
			buildSettings = {
				ALWAYS_SEARCH_USER_PATHS = NO;
				CLANG_ANALYZER_NONNULL = YES;
				CLANG_ANALYZER_NUMBER_OBJECT_CONVERSION = YES_AGGRESSIVE;
				CLANG_CXX_LANGUAGE_STANDARD = "gnu++14";
				CLANG_CXX_LIBRARY = "libc++";
				CLANG_ENABLE_MODULES = YES;
				CLANG_ENABLE_OBJC_ARC = YES;
				CLANG_ENABLE_OBJC_WEAK = YES;
				CLANG_WARN_BLOCK_CAPTURE_AUTORELEASING = YES;
				CLANG_WARN_BOOL_CONVERSION = YES;
				CLANG_WARN_COMMA = YES;
				CLANG_WARN_CONSTANT_CONVERSION = YES;
				CLANG_WARN_DEPRECATED_OBJC_IMPLEMENTATIONS = YES;
				CLANG_WARN_DIRECT_OBJC_ISA_USAGE = YES_ERROR;
				CLANG_WARN_DOCUMENTATION_COMMENTS = YES;
				CLANG_WARN_EMPTY_BODY = YES;
				CLANG_WARN_ENUM_CONVERSION = YES;
				CLANG_WARN_INFINITE_RECURSION = YES;
				CLANG_WARN_INT_CONVERSION = YES;
				CLANG_WARN_NON_LITERAL_NULL_CONVERSION = YES;
				CLANG_WARN_OBJC_IMPLICIT_RETAIN_SELF = YES;
				CLANG_WARN_OBJC_LITERAL_CONVERSION = YES;
				CLANG_WARN_OBJC_ROOT_CLASS = YES_ERROR;
				CLANG_WARN_RANGE_LOOP_ANALYSIS = YES;
				CLANG_WARN_STRICT_PROTOTYPES = YES;
				CLANG_WARN_SUSPICIOUS_MOVE = YES;
				CLANG_WARN_UNGUARDED_AVAILABILITY = YES_AGGRESSIVE;
				CLANG_WARN_UNREACHABLE_CODE = YES;
				CLANG_WARN__DUPLICATE_METHOD_MATCH = YES;
				COPY_PHASE_STRIP = NO;
				DEBUG_INFORMATION_FORMAT = dwarf;
				ENABLE_STRICT_OBJC_MSGSEND = YES;
				ENABLE_TESTABILITY = YES;
				GCC_C_LANGUAGE_STANDARD = gnu11;
				GCC_DYNAMIC_NO_PIC = NO;
				GCC_NO_COMMON_BLOCKS = YES;
				GCC_OPTIMIZATION_LEVEL = 0;
				GCC_PREPROCESSOR_DEFINITIONS = (
					"DEBUG=1",
					"$(inherited)",
				);
				GCC_WARN_64_TO_32_BIT_CONVERSION = YES;
				GCC_WARN_ABOUT_RETURN_TYPE = YES_ERROR;
				GCC_WARN_UNDECLARED_SELECTOR = YES;
				GCC_WARN_UNINITIALIZED_AUTOS = YES_AGGRESSIVE;
				GCC_WARN_UNUSED_FUNCTION = YES;
				GCC_WARN_UNUSED_VARIABLE = YES;
				MACOSX_DEPLOYMENT_TARGET = 10.15;
				MTL_ENABLE_DEBUG_INFO = INCLUDE_SOURCE;
				MTL_FAST_MATH = YES;
				ONLY_ACTIVE_ARCH = YES;
				SDKROOT = macosx;
			};
			name = Debug;
		};
		C1E86CBD244F9AEE0059F47B /* Release */ = {
			isa = XCBuildConfiguration;
			buildSettings = {
				ALWAYS_SEARCH_USER_PATHS = NO;
				CLANG_ANALYZER_NONNULL = YES;
				CLANG_ANALYZER_NUMBER_OBJECT_CONVERSION = YES_AGGRESSIVE;
				CLANG_CXX_LANGUAGE_STANDARD = "gnu++14";
				CLANG_CXX_LIBRARY = "libc++";
				CLANG_ENABLE_MODULES = YES;
				CLANG_ENABLE_OBJC_ARC = YES;
				CLANG_ENABLE_OBJC_WEAK = YES;
				CLANG_WARN_BLOCK_CAPTURE_AUTORELEASING = YES;
				CLANG_WARN_BOOL_CONVERSION = YES;
				CLANG_WARN_COMMA = YES;
				CLANG_WARN_CONSTANT_CONVERSION = YES;
				CLANG_WARN_DEPRECATED_OBJC_IMPLEMENTATIONS = YES;
				CLANG_WARN_DIRECT_OBJC_ISA_USAGE = YES_ERROR;
				CLANG_WARN_DOCUMENTATION_COMMENTS = YES;
				CLANG_WARN_EMPTY_BODY = YES;
				CLANG_WARN_ENUM_CONVERSION = YES;
				CLANG_WARN_INFINITE_RECURSION = YES;
				CLANG_WARN_INT_CONVERSION = YES;
				CLANG_WARN_NON_LITERAL_NULL_CONVERSION = YES;
				CLANG_WARN_OBJC_IMPLICIT_RETAIN_SELF = YES;
				CLANG_WARN_OBJC_LITERAL_CONVERSION = YES;
				CLANG_WARN_OBJC_ROOT_CLASS = YES_ERROR;
				CLANG_WARN_RANGE_LOOP_ANALYSIS = YES;
				CLANG_WARN_STRICT_PROTOTYPES = YES;
				CLANG_WARN_SUSPICIOUS_MOVE = YES;
				CLANG_WARN_UNGUARDED_AVAILABILITY = YES_AGGRESSIVE;
				CLANG_WARN_UNREACHABLE_CODE = YES;
				CLANG_WARN__DUPLICATE_METHOD_MATCH = YES;
				COPY_PHASE_STRIP = NO;
				DEBUG_INFORMATION_FORMAT = "dwarf-with-dsym";
				ENABLE_NS_ASSERTIONS = NO;
				ENABLE_STRICT_OBJC_MSGSEND = YES;
				GCC_C_LANGUAGE_STANDARD = gnu11;
				GCC_NO_COMMON_BLOCKS = YES;
				GCC_WARN_64_TO_32_BIT_CONVERSION = YES;
				GCC_WARN_ABOUT_RETURN_TYPE = YES_ERROR;
				GCC_WARN_UNDECLARED_SELECTOR = YES;
				GCC_WARN_UNINITIALIZED_AUTOS = YES_AGGRESSIVE;
				GCC_WARN_UNUSED_FUNCTION = YES;
				GCC_WARN_UNUSED_VARIABLE = YES;
				MACOSX_DEPLOYMENT_TARGET = 10.15;
				MTL_ENABLE_DEBUG_INFO = NO;
				MTL_FAST_MATH = YES;
				SDKROOT = macosx;
			};
			name = Release;
		};
		C1E86CBF244F9AEE0059F47B /* Debug */ = {
			isa = XCBuildConfiguration;
			buildSettings = {
				CODE_SIGN_IDENTITY = "-";
				CODE_SIGN_STYLE = Automatic;
				PRODUCT_NAME = "$(TARGET_NAME)";
			};
			name = Debug;
		};
		C1E86CC0244F9AEE0059F47B /* Release */ = {
			isa = XCBuildConfiguration;
			buildSettings = {
				CODE_SIGN_IDENTITY = "-";
				CODE_SIGN_STYLE = Automatic;
				PRODUCT_NAME = "$(TARGET_NAME)";
			};
			name = Release;
		};
/* End XCBuildConfiguration section */

/* Begin XCConfigurationList section */
		C1E86CB2244F9AEE0059F47B /* Build configuration list for PBXProject "susi" */ = {
			isa = XCConfigurationList;
			buildConfigurations = (
				C1E86CBC244F9AEE0059F47B /* Debug */,
				C1E86CBD244F9AEE0059F47B /* Release */,
			);
			defaultConfigurationIsVisible = 0;
			defaultConfigurationName = Release;
		};
		C1E86CBE244F9AEE0059F47B /* Build configuration list for PBXNativeTarget "susi" */ = {
			isa = XCConfigurationList;
			buildConfigurations = (
				C1E86CBF244F9AEE0059F47B /* Debug */,
				C1E86CC0244F9AEE0059F47B /* Release */,
			);
			defaultConfigurationIsVisible = 0;
			defaultConfigurationName = Release;
		};
/* End XCConfigurationList section */
	};
	rootObject = C1E86CAF244F9AEE0059F47B /* Project object */;
}
